# This file is automatically @generated by Cargo.
# It is not intended for manual editing.
version = 3

[[package]]
name = "oxide-cli"
version = "0.7.0"
dependencies = [
 "oxide-interpreter",
 "oxide-parser",
]

[[package]]
name = "oxide-interpreter"
version = "0.7.0"
dependencies = [
 "oxide-parser",
]

[[package]]
name = "oxide-parser"
version = "0.7.0"
